dependencies:
- name: mariadb
  repository: https://storage.googleapis.com/charts.wdr.io
  version: 7.10.4
- name: mailhog
  repository: https://codecentric.github.io/helm-charts
  version: 5.1.0
- name: elasticsearch
  repository: file://../elasticsearch
  version: 8.5.1
- name: rabbitmq
  repository: https://storage.googleapis.com/charts.wdr.io
  version: 6.17.5
- name: mongodb
  repository: https://storage.googleapis.com/charts.wdr.io
  version: 10.26.4
- name: postgresql
  repository: https://storage.googleapis.com/charts.wdr.io
  version: 13.2.24
- name: redis-stack
  repository: https://redis-stack.github.io/helm-redis-stack/
  version: 0.4.9
- name: silta-release
  repository: file://../silta-release
  version: 1.0.0
digest: sha256:714e95e09635ebe6e371edb44a777df627e4a941d3b48be709994f7e4f03288f
generated: "2024-03-11T12:41:38.962914045+02:00"
