dependencies:
- name: mariadb
  repository: https://storage.googleapis.com/charts.wdr.io
  version: 7.10.4
- name: mailhog
  repository: https://codecentric.github.io/helm-charts
  version: 5.1.0
- name: elasticsearch
  repository: file://../elasticsearch
  version: 8.5.1
- name: rabbitmq
  repository: https://storage.googleapis.com/charts.wdr.io
  version: 6.17.5
- name: mongodb
  repository: https://storage.googleapis.com/charts.wdr.io
  version: 10.26.4
- name: postgresql
  repository: https://storage.googleapis.com/charts.wdr.io
  version: 13.2.24
- name: redis-stack-server
  repository: https://redis-stack.github.io/helm-redis-stack/
  version: 0.4.9
- name: silta-release
  repository: file://../silta-release
  version: 1.0.0
digest: sha256:c3617172527e590f74ae7828b9791fd91379dc03cf9f7a7b6ca06cac6f4fad0b
generated: "2024-03-11T12:08:24.21780808+02:00"
